// !$*UTF8*$!
{
	archiveVersion = 1;
	classes = {
	};
	objectVersion = 46;
	objects = {

/* Begin PBXBuildFile section */
		3187B7430E0EFD1782C6AF21 /* libPods.a in Frameworks */ = {isa = PBXBuildFile; fileRef = A30AF3165F29383A5465FD08 /* libPods.a */; };
		50093C1E1C853BB200626E5C /* main.m in Sources */ = {isa = PBXBuildFile; fileRef = 50093C1D1C853BB200626E5C /* main.m */; };
		50093C211C853BB200626E5C /* AppDelegate.m in Sources */ = {isa = PBXBuildFile; fileRef = 50093C201C853BB200626E5C /* AppDelegate.m */; };
		50093C291C853BB200626E5C /* Assets.xcassets in Resources */ = {isa = PBXBuildFile; fileRef = 50093C281C853BB200626E5C /* Assets.xcassets */; };
		50093C2C1C853BB200626E5C /* LaunchScreen.storyboard in Resources */ = {isa = PBXBuildFile; fileRef = 50093C2A1C853BB200626E5C /* LaunchScreen.storyboard */; };
		50093C5D1C8548AF00626E5C /* CZAPManager.m in Sources */ = {isa = PBXBuildFile; fileRef = 50093C5C1C8548AF00626E5C /* CZAPManager.m */; };
		50093C601C8549BE00626E5C /* CZHttpManager.m in Sources */ = {isa = PBXBuildFile; fileRef = 50093C5F1C8549BE00626E5C /* CZHttpManager.m */; };
		50093C641C85832800626E5C /* NSObject+Log.m in Sources */ = {isa = PBXBuildFile; fileRef = 50093C631C85832800626E5C /* NSObject+Log.m */; };
		50093C671C85865F00626E5C /* CZHeadLineModel.m in Sources */ = {isa = PBXBuildFile; fileRef = 50093C661C85865F00626E5C /* CZHeadLineModel.m */; };
		50093C6A1C858AF900626E5C /* CZHeadLineCell.m in Sources */ = {isa = PBXBuildFile; fileRef = 50093C691C858AF900626E5C /* CZHeadLineCell.m */; };
		50093C6C1C858B0A00626E5C /* news1.storyboard in Resources */ = {isa = PBXBuildFile; fileRef = 50093C6B1C858B0A00626E5C /* news1.storyboard */; };
		50093C6F1C858BB500626E5C /* CZHeadLineController.m in Sources */ = {isa = PBXBuildFile; fileRef = 50093C6E1C858BB500626E5C /* CZHeadLineController.m */; };
/* End PBXBuildFile section */

/* Begin PBXFileReference section */
		45AA3928D51DB4881951742A /* Pods.debug.xcconfig */ = {isa = PBXFileReference; includeInIndex = 1; lastKnownFileType = text.xcconfig; name = Pods.debug.xcconfig; path = "Pods/Target Support Files/Pods/Pods.debug.xcconfig"; sourceTree = "<group>"; };
		50093C191C853BB200626E5C /* 09news1.app */ = {isa = PBXFileReference; explicitFileType = wrapper.application; includeInIndex = 0; path = 09news1.app; sourceTree = BUILT_PRODUCTS_DIR; };
		50093C1D1C853BB200626E5C /* main.m */ = {isa = PBXFileReference; lastKnownFileType = sourcecode.c.objc; path = main.m; sourceTree = "<group>"; };
		50093C1F1C853BB200626E5C /* AppDelegate.h */ = {isa = PBXFileReference; lastKnownFileType = sourcecode.c.h; path = AppDelegate.h; sourceTree = "<group>"; };
		50093C201C853BB200626E5C /* AppDelegate.m */ = {isa = PBXFileReference; lastKnownFileType = sourcecode.c.objc; path = AppDelegate.m; sourceTree = "<group>"; };
		50093C281C853BB200626E5C /* Assets.xcassets */ = {isa = PBXFileReference; lastKnownFileType = folder.assetcatalog; path = Assets.xcassets; sourceTree = "<group>"; };
		50093C2B1C853BB200626E5C /* Base */ = {isa = PBXFileReference; lastKnownFileType = file.storyboard; name = Base; path = Base.lproj/LaunchScreen.storyboard; sourceTree = "<group>"; };
		50093C2D1C853BB200626E5C /* Info.plist */ = {isa = PBXFileReference; lastKnownFileType = text.plist.xml; path = Info.plist; sourceTree = "<group>"; };
		50093C5B1C8548AF00626E5C /* CZAPManager.h */ = {isa = PBXFileReference; fileEncoding = 4; lastKnownFileType = sourcecode.c.h; path = CZAPManager.h; sourceTree = "<group>"; };
		50093C5C1C8548AF00626E5C /* CZAPManager.m */ = {isa = PBXFileReference; fileEncoding = 4; lastKnownFileType = sourcecode.c.objc; path = CZAPManager.m; sourceTree = "<group>"; };
		50093C5E1C8549BE00626E5C /* CZHttpManager.h */ = {isa = PBXFileReference; fileEncoding = 4; lastKnownFileType = sourcecode.c.h; path = CZHttpManager.h; sourceTree = "<group>"; };
		50093C5F1C8549BE00626E5C /* CZHttpManager.m */ = {isa = PBXFileReference; fileEncoding = 4; lastKnownFileType = sourcecode.c.objc; path = CZHttpManager.m; sourceTree = "<group>"; };
		50093C621C85832800626E5C /* NSObject+Log.h */ = {isa = PBXFileReference; fileEncoding = 4; lastKnownFileType = sourcecode.c.h; path = "NSObject+Log.h"; sourceTree = "<group>"; };
		50093C631C85832800626E5C /* NSObject+Log.m */ = {isa = PBXFileReference; fileEncoding = 4; lastKnownFileType = sourcecode.c.objc; path = "NSObject+Log.m"; sourceTree = "<group>"; };
		50093C651C85865F00626E5C /* CZHeadLineModel.h */ = {isa = PBXFileReference; fileEncoding = 4; lastKnownFileType = sourcecode.c.h; path = CZHeadLineModel.h; sourceTree = "<group>"; };
		50093C661C85865F00626E5C /* CZHeadLineModel.m */ = {isa = PBXFileReference; fileEncoding = 4; lastKnownFileType = sourcecode.c.objc; path = CZHeadLineModel.m; sourceTree = "<group>"; };
		50093C681C858AF900626E5C /* CZHeadLineCell.h */ = {isa = PBXFileReference; fileEncoding = 4; lastKnownFileType = sourcecode.c.h; path = CZHeadLineCell.h; sourceTree = "<group>"; };
		50093C691C858AF900626E5C /* CZHeadLineCell.m */ = {isa = PBXFileReference; fileEncoding = 4; lastKnownFileType = sourcecode.c.objc; path = CZHeadLineCell.m; sourceTree = "<group>"; };
		50093C6B1C858B0A00626E5C /* news1.storyboard */ = {isa = PBXFileReference; fileEncoding = 4; lastKnownFileType = file.storyboard; path = news1.storyboard; sourceTree = "<group>"; };
		50093C6D1C858BB500626E5C /* CZHeadLineController.h */ = {isa = PBXFileReference; fileEncoding = 4; lastKnownFileType = sourcecode.c.h; path = CZHeadLineController.h; sourceTree = "<group>"; };
		50093C6E1C858BB500626E5C /* CZHeadLineController.m */ = {isa = PBXFileReference; fileEncoding = 4; lastKnownFileType = sourcecode.c.objc; path = CZHeadLineController.m; sourceTree = "<group>"; };
		A30AF3165F29383A5465FD08 /* libPods.a */ = {isa = PBXFileReference; explicitFileType = archive.ar; includeInIndex = 0; path = libPods.a; sourceTree = BUILT_PRODUCTS_DIR; };
		D725F816CEBA3C30AD510719 /* Pods.release.xcconfig */ = {isa = PBXFileReference; includeInIndex = 1; lastKnownFileType = text.xcconfig; name = Pods.release.xcconfig; path = "Pods/Target Support Files/Pods/Pods.release.xcconfig"; sourceTree = "<group>"; };
/* End PBXFileReference section */

/* Begin PBXFrameworksBuildPhase section */
		50093C161C853BB200626E5C /* Frameworks */ = {
			isa = PBXFrameworksBuildPhase;
			buildActionMask = 2147483647;
			files = (
				3187B7430E0EFD1782C6AF21 /* libPods.a in Frameworks */,
			);
			runOnlyForDeploymentPostprocessing = 0;
		};
/* End PBXFrameworksBuildPhase section */

/* Begin PBXGroup section */
		2B3DFB7F48D80760D545F539 /* Pods */ = {
			isa = PBXGroup;
			children = (
				45AA3928D51DB4881951742A /* Pods.debug.xcconfig */,
				D725F816CEBA3C30AD510719 /* Pods.release.xcconfig */,
			);
			name = Pods;
			sourceTree = "<group>";
		};
		50093C101C853BB200626E5C = {
			isa = PBXGroup;
			children = (
				50093C1B1C853BB200626E5C /* 09news1 */,
				50093C1A1C853BB200626E5C /* Products */,
				2B3DFB7F48D80760D545F539 /* Pods */,
				FE8176C671219B0BFCD5E296 /* Frameworks */,
			);
			sourceTree = "<group>";
		};
		50093C1A1C853BB200626E5C /* Products */ = {
			isa = PBXGroup;
			children = (
				50093C191C853BB200626E5C /* 09news1.app */,
			);
			name = Products;
			sourceTree = "<group>";
		};
		50093C1B1C853BB200626E5C /* 09news1 */ = {
			isa = PBXGroup;
			children = (
				50093C561C8544FC00626E5C /* news1 */,
				50093C1F1C853BB200626E5C /* AppDelegate.h */,
				50093C201C853BB200626E5C /* AppDelegate.m */,
				50093C281C853BB200626E5C /* Assets.xcassets */,
				50093C2A1C853BB200626E5C /* LaunchScreen.storyboard */,
				50093C2D1C853BB200626E5C /* Info.plist */,
				50093C1C1C853BB200626E5C /* Supporting Files */,
			);
			path = 09news1;
			sourceTree = "<group>";
		};
		50093C1C1C853BB200626E5C /* Supporting Files */ = {
			isa = PBXGroup;
			children = (
				50093C1D1C853BB200626E5C /* main.m */,
			);
			name = "Supporting Files";
			sourceTree = "<group>";
		};
		50093C561C8544FC00626E5C /* news1 */ = {
			isa = PBXGroup;
			children = (
				50093C5A1C85488F00626E5C /* Tool */,
				50093C571C8544FC00626E5C /* Controller */,
				50093C581C8544FC00626E5C /* Model */,
				50093C591C8544FC00626E5C /* View */,
			);
			path = news1;
			sourceTree = "<group>";
		};
		50093C571C8544FC00626E5C /* Controller */ = {
			isa = PBXGroup;
			children = (
				50093C6D1C858BB500626E5C /* CZHeadLineController.h */,
				50093C6E1C858BB500626E5C /* CZHeadLineController.m */,
			);
			path = Controller;
			sourceTree = "<group>";
		};
		50093C581C8544FC00626E5C /* Model */ = {
			isa = PBXGroup;
			children = (
				50093C651C85865F00626E5C /* CZHeadLineModel.h */,
				50093C661C85865F00626E5C /* CZHeadLineModel.m */,
			);
			path = Model;
			sourceTree = "<group>";
		};
		50093C591C8544FC00626E5C /* View */ = {
			isa = PBXGroup;
			children = (
				50093C681C858AF900626E5C /* CZHeadLineCell.h */,
				50093C691C858AF900626E5C /* CZHeadLineCell.m */,
				50093C6B1C858B0A00626E5C /* news1.storyboard */,
			);
			path = View;
			sourceTree = "<group>";
		};
		50093C5A1C85488F00626E5C /* Tool */ = {
			isa = PBXGroup;
			children = (
				50093C611C85832800626E5C /* Log */,
				50093C5B1C8548AF00626E5C /* CZAPManager.h */,
				50093C5C1C8548AF00626E5C /* CZAPManager.m */,
				50093C5E1C8549BE00626E5C /* CZHttpManager.h */,
				50093C5F1C8549BE00626E5C /* CZHttpManager.m */,
			);
			name = Tool;
			sourceTree = "<group>";
		};
		50093C611C85832800626E5C /* Log */ = {
			isa = PBXGroup;
			children = (
				50093C621C85832800626E5C /* NSObject+Log.h */,
				50093C631C85832800626E5C /* NSObject+Log.m */,
			);
			path = Log;
			sourceTree = "<group>";
		};
		FE8176C671219B0BFCD5E296 /* Frameworks */ = {
			isa = PBXGroup;
			children = (
				A30AF3165F29383A5465FD08 /* libPods.a */,
			);
			name = Frameworks;
			sourceTree = "<group>";
		};
/* End PBXGroup section */

/* Begin PBXNativeTarget section */
		50093C181C853BB200626E5C /* 09news1 */ = {
			isa = PBXNativeTarget;
			buildConfigurationList = 50093C301C853BB200626E5C /* Build configuration list for PBXNativeTarget "09news1" */;
			buildPhases = (
				07E866CF31EA74542F1A0855 /* Check Pods Manifest.lock */,
				50093C151C853BB200626E5C /* Sources */,
				50093C161C853BB200626E5C /* Frameworks */,
				50093C171C853BB200626E5C /* Resources */,
				D59C65E4B33EA46FB630587F /* Embed Pods Frameworks */,
				D09E8A155530A5EDFB506447 /* Copy Pods Resources */,
			);
			buildRules = (
			);
			dependencies = (
			);
			name = 09news1;
			productName = 09news1;
			productReference = 50093C191C853BB200626E5C /* 09news1.app */;
			productType = "com.apple.product-type.application";
		};
/* End PBXNativeTarget section */

/* Begin PBXProject section */
		50093C111C853BB200626E5C /* Project object */ = {
			isa = PBXProject;
			attributes = {
				LastUpgradeCheck = 0720;
				ORGANIZATIONNAME = apple;
				TargetAttributes = {
					50093C181C853BB200626E5C = {
						CreatedOnToolsVersion = 7.2;
					};
				};
			};
			buildConfigurationList = 50093C141C853BB200626E5C /* Build configuration list for PBXProject "09news1" */;
			compatibilityVersion = "Xcode 3.2";
			developmentRegion = English;
			hasScannedForEncodings = 0;
			knownRegions = (
				en,
				Base,
			);
			mainGroup = 50093C101C853BB200626E5C;
			productRefGroup = 50093C1A1C853BB200626E5C /* Products */;
			projectDirPath = "";
			projectRoot = "";
			targets = (
				50093C181C853BB200626E5C /* 09news1 */,
			);
		};
/* End PBXProject section */

/* Begin PBXResourcesBuildPhase section */
		50093C171C853BB200626E5C /* Resources */ = {
			isa = PBXResourcesBuildPhase;
			buildActionMask = 2147483647;
			files = (
				50093C2C1C853BB200626E5C /* LaunchScreen.storyboard in Resources */,
				50093C291C853BB200626E5C /* Assets.xcassets in Resources */,
				50093C6C1C858B0A00626E5C /* news1.storyboard in Resources */,
			);
			runOnlyForDeploymentPostprocessing = 0;
		};
/* End PBXResourcesBuildPhase section */

/* Begin PBXShellScriptBuildPhase section */
		07E866CF31EA74542F1A0855 /* Check Pods Manifest.lock */ = {
			isa = PBXShellScriptBuildPhase;
			buildActionMask = 2147483647;
			files = (
			);
			inputPaths = (
			);
			name = "Check Pods Manifest.lock";
			outputPaths = (
			);
			runOnlyForDeploymentPostprocessing = 0;
			shellPath = /bin/sh;
			shellScript = "diff \"${PODS_ROOT}/../Podfile.lock\" \"${PODS_ROOT}/Manifest.lock\" > /dev/null\nif [[ $? != 0 ]] ; then\n    cat << EOM\nerror: The sandbox is not in sync with the Podfile.lock. Run 'pod install' or update your CocoaPods installation.\nEOM\n    exit 1\nfi\n";
			showEnvVarsInLog = 0;
		};
		D09E8A155530A5EDFB506447 /* Copy Pods Resources */ = {
			isa = PBXShellScriptBuildPhase;
			buildActionMask = 2147483647;
			files = (
			);
			inputPaths = (
			);
			name = "Copy Pods Resources";
			outputPaths = (
			);
			runOnlyForDeploymentPostprocessing = 0;
			shellPath = /bin/sh;
			shellScript = "\"${SRCROOT}/Pods/Target Support Files/Pods/Pods-resources.sh\"\n";
			showEnvVarsInLog = 0;
		};
		D59C65E4B33EA46FB630587F /* Embed Pods Frameworks */ = {
			isa = PBXShellScriptBuildPhase;
			buildActionMask = 2147483647;
			files = (
			);
			inputPaths = (
			);
			name = "Embed Pods Frameworks";
			outputPaths = (
			);
			runOnlyForDeploymentPostprocessing = 0;
			shellPath = /bin/sh;
			shellScript = "\"${SRCROOT}/Pods/Target Support Files/Pods/Pods-frameworks.sh\"\n";
			showEnvVarsInLog = 0;
		};
/* End PBXShellScriptBuildPhase section */

/* Begin PBXSourcesBuildPhase section */
		50093C151C853BB200626E5C /* Sources */ = {
			isa = PBXSourcesBuildPhase;
			buildActionMask = 2147483647;
			files = (
				50093C211C853BB200626E5C /* AppDelegate.m in Sources */,
				50093C1E1C853BB200626E5C /* main.m in Sources */,
				50093C6A1C858AF900626E5C /* CZHeadLineCell.m in Sources */,
				50093C671C85865F00626E5C /* CZHeadLineModel.m in Sources */,
				50093C6F1C858BB500626E5C /* CZHeadLineController.m in Sources */,
				50093C641C85832800626E5C /* NSObject+Log.m in Sources */,
				50093C601C8549BE00626E5C /* CZHttpManager.m in Sources */,
				50093C5D1C8548AF00626E5C /* CZAPManager.m in Sources */,
			);
			runOnlyForDeploymentPostprocessing = 0;
		};
/* End PBXSourcesBuildPhase section */

/* Begin PBXVariantGroup section */
		50093C2A1C853BB200626E5C /* LaunchScreen.storyboard */ = {
			isa = PBXVariantGroup;
			children = (
				50093C2B1C853BB200626E5C /* Base */,
			);
			name = LaunchScreen.storyboard;
			sourceTree = "<group>";
		};
/* End PBXVariantGroup section */

/* Begin XCBuildConfiguration section */
		50093C2E1C853BB200626E5C /* Debug */ = {
			isa = XCBuildConfiguration;
			buildSettings = {
				ALWAYS_SEARCH_USER_PATHS = NO;
				CLANG_CXX_LANGUAGE_STANDARD = "gnu++0x";
				CLANG_CXX_LIBRARY = "libc++";
				CLANG_ENABLE_MODULES = YES;
				CLANG_ENABLE_OBJC_ARC = YES;
				CLANG_WARN_BOOL_CONVERSION = YES;
				CLANG_WARN_CONSTANT_CONVERSION = YES;
				CLANG_WARN_DIRECT_OBJC_ISA_USAGE = YES_ERROR;
				CLANG_WARN_EMPTY_BODY = YES;
				CLANG_WARN_ENUM_CONVERSION = YES;
				CLANG_WARN_INT_CONVERSION = YES;
				CLANG_WARN_OBJC_ROOT_CLASS = YES_ERROR;
				CLANG_WARN_UNREACHABLE_CODE = YES;
				CLANG_WARN__DUPLICATE_METHOD_MATCH = YES;
				"CODE_SIGN_IDENTITY[sdk=iphoneos*]" = "iPhone Developer";
				COPY_PHASE_STRIP = NO;
				DEBUG_INFORMATION_FORMAT = dwarf;
				ENABLE_STRICT_OBJC_MSGSEND = YES;
				ENABLE_TESTABILITY = YES;
				GCC_C_LANGUAGE_STANDARD = gnu99;
				GCC_DYNAMIC_NO_PIC = NO;
				GCC_NO_COMMON_BLOCKS = YES;
				GCC_OPTIMIZATION_LEVEL = 0;
				GCC_PREPROCESSOR_DEFINITIONS = (
					"DEBUG=1",
					"$(inherited)",
				);
				GCC_WARN_64_TO_32_BIT_CONVERSION = YES;
				GCC_WARN_ABOUT_RETURN_TYPE = YES_ERROR;
				GCC_WARN_UNDECLARED_SELECTOR = YES;
				GCC_WARN_UNINITIALIZED_AUTOS = YES_AGGRESSIVE;
				GCC_WARN_UNUSED_FUNCTION = YES;
				GCC_WARN_UNUSED_VARIABLE = YES;
				IPHONEOS_DEPLOYMENT_TARGET = 9.2;
				MTL_ENABLE_DEBUG_INFO = YES;
				ONLY_ACTIVE_ARCH = YES;
				SDKROOT = iphoneos;
			};
			name = Debug;
		};
		50093C2F1C853BB200626E5C /* Release */ = {
			isa = XCBuildConfiguration;
			buildSettings = {
				ALWAYS_SEARCH_USER_PATHS = NO;
				CLANG_CXX_LANGUAGE_STANDARD = "gnu++0x";
				CLANG_CXX_LIBRARY = "libc++";
				CLANG_ENABLE_MODULES = YES;
				CLANG_ENABLE_OBJC_ARC = YES;
				CLANG_WARN_BOOL_CONVERSION = YES;
				CLANG_WARN_CONSTANT_CONVERSION = YES;
				CLANG_WARN_DIRECT_OBJC_ISA_USAGE = YES_ERROR;
				CLANG_WARN_EMPTY_BODY = YES;
				CLANG_WARN_ENUM_CONVERSION = YES;
				CLANG_WARN_INT_CONVERSION = YES;
				CLANG_WARN_OBJC_ROOT_CLASS = YES_ERROR;
				CLANG_WARN_UNREACHABLE_CODE = YES;
				CLANG_WARN__DUPLICATE_METHOD_MATCH = YES;
				"CODE_SIGN_IDENTITY[sdk=iphoneos*]" = "iPhone Developer";
				COPY_PHASE_STRIP = NO;
				DEBUG_INFORMATION_FORMAT = "dwarf-with-dsym";
				ENABLE_NS_ASSERTIONS = NO;
				ENABLE_STRICT_OBJC_MSGSEND = YES;
				GCC_C_LANGUAGE_STANDARD = gnu99;
				GCC_NO_COMMON_BLOCKS = YES;
				GCC_WARN_64_TO_32_BIT_CONVERSION = YES;
				GCC_WARN_ABOUT_RETURN_TYPE = YES_ERROR;
				GCC_WARN_UNDECLARED_SELECTOR = YES;
				GCC_WARN_UNINITIALIZED_AUTOS = YES_AGGRESSIVE;
				GCC_WARN_UNUSED_FUNCTION = YES;
				GCC_WARN_UNUSED_VARIABLE = YES;
				IPHONEOS_DEPLOYMENT_TARGET = 9.2;
				MTL_ENABLE_DEBUG_INFO = NO;
				SDKROOT = iphoneos;
				VALIDATE_PRODUCT = YES;
			};
			name = Release;
		};
		50093C311C853BB200626E5C /* Debug */ = {
			isa = XCBuildConfiguration;
			baseConfigurationReference = 45AA3928D51DB4881951742A /* Pods.debug.xcconfig */;
			buildSettings = {
				ASSETCATALOG_COMPILER_APPICON_NAME = AppIcon;
				INFOPLIST_FILE = 09news1/Info.plist;
				LD_RUNPATH_SEARCH_PATHS = "$(inherited) @executable_path/Frameworks";
				PRODUCT_BUNDLE_IDENTIFIER = "com.it.-9news1";
				PRODUCT_NAME = "$(TARGET_NAME)";
			};
			name = Debug;
		};
		50093C321C853BB200626E5C /* Release */ = {
			isa = XCBuildConfiguration;
			baseConfigurationReference = D725F816CEBA3C30AD510719 /* Pods.release.xcconfig */;
			buildSettings = {
				ASSETCATALOG_COMPILER_APPICON_NAME = AppIcon;
				INFOPLIST_FILE = 09news1/Info.plist;
				LD_RUNPATH_SEARCH_PATHS = "$(inherited) @executable_path/Frameworks";
				PRODUCT_BUNDLE_IDENTIFIER = "com.it.-9news1";
				PRODUCT_NAME = "$(TARGET_NAME)";
			};
			name = Release;
		};
/* End XCBuildConfiguration section */

/* Begin XCConfigurationList section */
		50093C141C853BB200626E5C /* Build configuration list for PBXProject "09news1" */ = {
			isa = XCConfigurationList;
			buildConfigurations = (
				50093C2E1C853BB200626E5C /* Debug */,
				50093C2F1C853BB200626E5C /* Release */,
			);
			defaultConfigurationIsVisible = 0;
			defaultConfigurationName = Release;
		};
		50093C301C853BB200626E5C /* Build configuration list for PBXNativeTarget "09news1" */ = {
			isa = XCConfigurationList;
			buildConfigurations = (
				50093C311C853BB200626E5C /* Debug */,
				50093C321C853BB200626E5C /* Release */,
			);
			defaultConfigurationIsVisible = 0;
			defaultConfigurationName = Release;
		};
/* End XCConfigurationList section */
	};
	rootObject = 50093C111C853BB200626E5C /* Project object */;
}
