// !$*UTF8*$!
{
	archiveVersion = 1;
	classes = {
	};
	objectVersion = 46;
	objects = {

/* Begin PBXBuildFile section */
		50093C1E1C853BB200626E5C /* main.m in Sources */ = {isa = PBXBuildFile; fileRef = 50093C1D1C853BB200626E5C /* main.m */; };
		50093C211C853BB200626E5C /* AppDelegate.m in Sources */ = {isa = PBXBuildFile; fileRef = 50093C201C853BB200626E5C /* AppDelegate.m */; };
		50093C241C853BB200626E5C /* ViewController.m in Sources */ = {isa = PBXBuildFile; fileRef = 50093C231C853BB200626E5C /* ViewController.m */; };
		50093C271C853BB200626E5C /* Main.storyboard in Resources */ = {isa = PBXBuildFile; fileRef = 50093C251C853BB200626E5C /* Main.storyboard */; };
		50093C291C853BB200626E5C /* Assets.xcassets in Resources */ = {isa = PBXBuildFile; fileRef = 50093C281C853BB200626E5C /* Assets.xcassets */; };
		50093C2C1C853BB200626E5C /* LaunchScreen.storyboard in Resources */ = {isa = PBXBuildFile; fileRef = 50093C2A1C853BB200626E5C /* LaunchScreen.storyboard */; };
/* End PBXBuildFile section */

/* Begin PBXFileReference section */
		50093C191C853BB200626E5C /* 09news1.app */ = {isa = PBXFileReference; explicitFileType = wrapper.application; includeInIndex = 0; path = 09news1.app; sourceTree = BUILT_PRODUCTS_DIR; };
		50093C1D1C853BB200626E5C /* main.m */ = {isa = PBXFileReference; lastKnownFileType = sourcecode.c.objc; path = main.m; sourceTree = "<group>"; };
		50093C1F1C853BB200626E5C /* AppDelegate.h */ = {isa = PBXFileReference; lastKnownFileType = sourcecode.c.h; path = AppDelegate.h; sourceTree = "<group>"; };
		50093C201C853BB200626E5C /* AppDelegate.m */ = {isa = PBXFileReference; lastKnownFileType = sourcecode.c.objc; path = AppDelegate.m; sourceTree = "<group>"; };
		50093C221C853BB200626E5C /* ViewController.h */ = {isa = PBXFileReference; lastKnownFileType = sourcecode.c.h; path = ViewController.h; sourceTree = "<group>"; };
		50093C231C853BB200626E5C /* ViewController.m */ = {isa = PBXFileReference; lastKnownFileType = sourcecode.c.objc; path = ViewController.m; sourceTree = "<group>"; };
		50093C261C853BB200626E5C /* Base */ = {isa = PBXFileReference; lastKnownFileType = file.storyboard; name = Base; path = Base.lproj/Main.storyboard; sourceTree = "<group>"; };
		50093C281C853BB200626E5C /* Assets.xcassets */ = {isa = PBXFileReference; lastKnownFileType = folder.assetcatalog; path = Assets.xcassets; sourceTree = "<group>"; };
		50093C2B1C853BB200626E5C /* Base */ = {isa = PBXFileReference; lastKnownFileType = file.storyboard; name = Base; path = Base.lproj/LaunchScreen.storyboard; sourceTree = "<group>"; };
		50093C2D1C853BB200626E5C /* Info.plist */ = {isa = PBXFileReference; lastKnownFileType = text.plist.xml; path = Info.plist; sourceTree = "<group>"; };
/* End PBXFileReference section */

/* Begin PBXFrameworksBuildPhase section */
		50093C161C853BB200626E5C /* Frameworks */ = {
			isa = PBXFrameworksBuildPhase;
			buildActionMask = 2147483647;
			files = (
			);
			runOnlyForDeploymentPostprocessing = 0;
		};
/* End PBXFrameworksBuildPhase section */

/* Begin PBXGroup section */
		50093C101C853BB200626E5C = {
			isa = PBXGroup;
			children = (
				50093C1B1C853BB200626E5C /* 09news1 */,
				50093C1A1C853BB200626E5C /* Products */,
			);
			sourceTree = "<group>";
		};
		50093C1A1C853BB200626E5C /* Products */ = {
			isa = PBXGroup;
			children = (
				50093C191C853BB200626E5C /* 09news1.app */,
			);
			name = Products;
			sourceTree = "<group>";
		};
		50093C1B1C853BB200626E5C /* 09news1 */ = {
			isa = PBXGroup;
			children = (
				50093C1F1C853BB200626E5C /* AppDelegate.h */,
				50093C201C853BB200626E5C /* AppDelegate.m */,
				50093C221C853BB200626E5C /* ViewController.h */,
				50093C231C853BB200626E5C /* ViewController.m */,
				50093C251C853BB200626E5C /* Main.storyboard */,
				50093C281C853BB200626E5C /* Assets.xcassets */,
				50093C2A1C853BB200626E5C /* LaunchScreen.storyboard */,
				50093C2D1C853BB200626E5C /* Info.plist */,
				50093C1C1C853BB200626E5C /* Supporting Files */,
			);
			path = 09news1;
			sourceTree = "<group>";
		};
		50093C1C1C853BB200626E5C /* Supporting Files */ = {
			isa = PBXGroup;
			children = (
				50093C1D1C853BB200626E5C /* main.m */,
			);
			name = "Supporting Files";
			sourceTree = "<group>";
		};
/* End PBXGroup section */

/* Begin PBXNativeTarget section */
		50093C181C853BB200626E5C /* 09news1 */ = {
			isa = PBXNativeTarget;
			buildConfigurationList = 50093C301C853BB200626E5C /* Build configuration list for PBXNativeTarget "09news1" */;
			buildPhases = (
				50093C151C853BB200626E5C /* Sources */,
				50093C161C853BB200626E5C /* Frameworks */,
				50093C171C853BB200626E5C /* Resources */,
			);
			buildRules = (
			);
			dependencies = (
			);
			name = 09news1;
			productName = 09news1;
			productReference = 50093C191C853BB200626E5C /* 09news1.app */;
			productType = "com.apple.product-type.application";
		};
/* End PBXNativeTarget section */

/* Begin PBXProject section */
		50093C111C853BB200626E5C /* Project object */ = {
			isa = PBXProject;
			attributes = {
				LastUpgradeCheck = 0720;
				ORGANIZATIONNAME = apple;
				TargetAttributes = {
					50093C181C853BB200626E5C = {
						CreatedOnToolsVersion = 7.2;
					};
				};
			};
			buildConfigurationList = 50093C141C853BB200626E5C /* Build configuration list for PBXProject "09news1" */;
			compatibilityVersion = "Xcode 3.2";
			developmentRegion = English;
			hasScannedForEncodings = 0;
			knownRegions = (
				en,
				Base,
			);
			mainGroup = 50093C101C853BB200626E5C;
			productRefGroup = 50093C1A1C853BB200626E5C /* Products */;
			projectDirPath = "";
			projectRoot = "";
			targets = (
				50093C181C853BB200626E5C /* 09news1 */,
			);
		};
/* End PBXProject section */

/* Begin PBXResourcesBuildPhase section */
		50093C171C853BB200626E5C /* Resources */ = {
			isa = PBXResourcesBuildPhase;
			buildActionMask = 2147483647;
			files = (
				50093C2C1C853BB200626E5C /* LaunchScreen.storyboard in Resources */,
				50093C291C853BB200626E5C /* Assets.xcassets in Resources */,
				50093C271C853BB200626E5C /* Main.storyboard in Resources */,
			);
			runOnlyForDeploymentPostprocessing = 0;
		};
/* End PBXResourcesBuildPhase section */

/* Begin PBXSourcesBuildPhase section */
		50093C151C853BB200626E5C /* Sources */ = {
			isa = PBXSourcesBuildPhase;
			buildActionMask = 2147483647;
			files = (
				50093C241C853BB200626E5C /* ViewController.m in Sources */,
				50093C211C853BB200626E5C /* AppDelegate.m in Sources */,
				50093C1E1C853BB200626E5C /* main.m in Sources */,
			);
			runOnlyForDeploymentPostprocessing = 0;
		};
/* End PBXSourcesBuildPhase section */

/* Begin PBXVariantGroup section */
		50093C251C853BB200626E5C /* Main.storyboard */ = {
			isa = PBXVariantGroup;
			children = (
				50093C261C853BB200626E5C /* Base */,
			);
			name = Main.storyboard;
			sourceTree = "<group>";
		};
		50093C2A1C853BB200626E5C /* LaunchScreen.storyboard */ = {
			isa = PBXVariantGroup;
			children = (
				50093C2B1C853BB200626E5C /* Base */,
			);
			name = LaunchScreen.storyboard;
			sourceTree = "<group>";
		};
/* End PBXVariantGroup section */

/* Begin XCBuildConfiguration section */
		50093C2E1C853BB200626E5C /* Debug */ = {
			isa = XCBuildConfiguration;
			buildSettings = {
				ALWAYS_SEARCH_USER_PATHS = NO;
				CLANG_CXX_LANGUAGE_STANDARD = "gnu++0x";
				CLANG_CXX_LIBRARY = "libc++";
				CLANG_ENABLE_MODULES = YES;
				CLANG_ENABLE_OBJC_ARC = YES;
				CLANG_WARN_BOOL_CONVERSION = YES;
				CLANG_WARN_CONSTANT_CONVERSION = YES;
				CLANG_WARN_DIRECT_OBJC_ISA_USAGE = YES_ERROR;
				CLANG_WARN_EMPTY_BODY = YES;
				CLANG_WARN_ENUM_CONVERSION = YES;
				CLANG_WARN_INT_CONVERSION = YES;
				CLANG_WARN_OBJC_ROOT_CLASS = YES_ERROR;
				CLANG_WARN_UNREACHABLE_CODE = YES;
				CLANG_WARN__DUPLICATE_METHOD_MATCH = YES;
				"CODE_SIGN_IDENTITY[sdk=iphoneos*]" = "iPhone Developer";
				COPY_PHASE_STRIP = NO;
				DEBUG_INFORMATION_FORMAT = dwarf;
				ENABLE_STRICT_OBJC_MSGSEND = YES;
				ENABLE_TESTABILITY = YES;
				GCC_C_LANGUAGE_STANDARD = gnu99;
				GCC_DYNAMIC_NO_PIC = NO;
				GCC_NO_COMMON_BLOCKS = YES;
				GCC_OPTIMIZATION_LEVEL = 0;
				GCC_PREPROCESSOR_DEFINITIONS = (
					"DEBUG=1",
					"$(inherited)",
				);
				GCC_WARN_64_TO_32_BIT_CONVERSION = YES;
				GCC_WARN_ABOUT_RETURN_TYPE = YES_ERROR;
				GCC_WARN_UNDECLARED_SELECTOR = YES;
				GCC_WARN_UNINITIALIZED_AUTOS = YES_AGGRESSIVE;
				GCC_WARN_UNUSED_FUNCTION = YES;
				GCC_WARN_UNUSED_VARIABLE = YES;
				IPHONEOS_DEPLOYMENT_TARGET = 9.2;
				MTL_ENABLE_DEBUG_INFO = YES;
				ONLY_ACTIVE_ARCH = YES;
				SDKROOT = iphoneos;
			};
			name = Debug;
		};
		50093C2F1C853BB200626E5C /* Release */ = {
			isa = XCBuildConfiguration;
			buildSettings = {
				ALWAYS_SEARCH_USER_PATHS = NO;
				CLANG_CXX_LANGUAGE_STANDARD = "gnu++0x";
				CLANG_CXX_LIBRARY = "libc++";
				CLANG_ENABLE_MODULES = YES;
				CLANG_ENABLE_OBJC_ARC = YES;
				CLANG_WARN_BOOL_CONVERSION = YES;
				CLANG_WARN_CONSTANT_CONVERSION = YES;
				CLANG_WARN_DIRECT_OBJC_ISA_USAGE = YES_ERROR;
				CLANG_WARN_EMPTY_BODY = YES;
				CLANG_WARN_ENUM_CONVERSION = YES;
				CLANG_WARN_INT_CONVERSION = YES;
				CLANG_WARN_OBJC_ROOT_CLASS = YES_ERROR;
				CLANG_WARN_UNREACHABLE_CODE = YES;
				CLANG_WARN__DUPLICATE_METHOD_MATCH = YES;
				"CODE_SIGN_IDENTITY[sdk=iphoneos*]" = "iPhone Developer";
				COPY_PHASE_STRIP = NO;
				DEBUG_INFORMATION_FORMAT = "dwarf-with-dsym";
				ENABLE_NS_ASSERTIONS = NO;
				ENABLE_STRICT_OBJC_MSGSEND = YES;
				GCC_C_LANGUAGE_STANDARD = gnu99;
				GCC_NO_COMMON_BLOCKS = YES;
				GCC_WARN_64_TO_32_BIT_CONVERSION = YES;
				GCC_WARN_ABOUT_RETURN_TYPE = YES_ERROR;
				GCC_WARN_UNDECLARED_SELECTOR = YES;
				GCC_WARN_UNINITIALIZED_AUTOS = YES_AGGRESSIVE;
				GCC_WARN_UNUSED_FUNCTION = YES;
				GCC_WARN_UNUSED_VARIABLE = YES;
				IPHONEOS_DEPLOYMENT_TARGET = 9.2;
				MTL_ENABLE_DEBUG_INFO = NO;
				SDKROOT = iphoneos;
				VALIDATE_PRODUCT = YES;
			};
			name = Release;
		};
		50093C311C853BB200626E5C /* Debug */ = {
			isa = XCBuildConfiguration;
			buildSettings = {
				ASSETCATALOG_COMPILER_APPICON_NAME = AppIcon;
				INFOPLIST_FILE = 09news1/Info.plist;
				LD_RUNPATH_SEARCH_PATHS = "$(inherited) @executable_path/Frameworks";
				PRODUCT_BUNDLE_IDENTIFIER = "com.it.-9news1";
				PRODUCT_NAME = "$(TARGET_NAME)";
			};
			name = Debug;
		};
		50093C321C853BB200626E5C /* Release */ = {
			isa = XCBuildConfiguration;
			buildSettings = {
				ASSETCATALOG_COMPILER_APPICON_NAME = AppIcon;
				INFOPLIST_FILE = 09news1/Info.plist;
				LD_RUNPATH_SEARCH_PATHS = "$(inherited) @executable_path/Frameworks";
				PRODUCT_BUNDLE_IDENTIFIER = "com.it.-9news1";
				PRODUCT_NAME = "$(TARGET_NAME)";
			};
			name = Release;
		};
/* End XCBuildConfiguration section */

/* Begin XCConfigurationList section */
		50093C141C853BB200626E5C /* Build configuration list for PBXProject "09news1" */ = {
			isa = XCConfigurationList;
			buildConfigurations = (
				50093C2E1C853BB200626E5C /* Debug */,
				50093C2F1C853BB200626E5C /* Release */,
			);
			defaultConfigurationIsVisible = 0;
			defaultConfigurationName = Release;
		};
		50093C301C853BB200626E5C /* Build configuration list for PBXNativeTarget "09news1" */ = {
			isa = XCConfigurationList;
			buildConfigurations = (
				50093C311C853BB200626E5C /* Debug */,
				50093C321C853BB200626E5C /* Release */,
			);
			defaultConfigurationIsVisible = 0;
		};
/* End XCConfigurationList section */
	};
	rootObject = 50093C111C853BB200626E5C /* Project object */;
}
